
Microsoft Visual Studio Solution File, Format Version 12.00
# Visual Studio Version 16
VisualStudioVersion = 16.0.29728.190
MinimumVisualStudioVersion = 10.0.40219.1
Project("{9A19103F-16F7-4668-BE54-9A1E7A4F7556}") = "PLW.Api", "PLW\PLW.Api.csproj", "{3B53936F-222B-49C7-A7A5-85B3240706AA}"
EndProject
Project("{9A19103F-16F7-4668-BE54-9A1E7A4F7556}") = "PLW.BL", "PLW.BL\PLW.BL.csproj", "{447BB7B0-9D0D-4266-908F-155E0794E518}"
EndProject
Project("{9A19103F-16F7-4668-BE54-9A1E7A4F7556}") = "PLW.Data", "PLW.Data\PLW.Data.csproj", "{EA76BE8D-9927-460D-A0D7-CBFDE353F1B6}"
EndProject
Project("{9A19103F-16F7-4668-BE54-9A1E7A4F7556}") = "Framework", "Framework\Framework.csproj", "{77E645EB-7599-4DD7-864B-A1E0D403EACC}"
EndProject
Project("{FAE04EC0-301F-11D3-BF4B-00C04F79EFBC}") = "IdentityServer", "IdentityServer\IdentityServer.csproj", "{8B14DEB5-6A9A-4698-9198-A773E82A2A9D}"
EndProject
Global
	GlobalSection(SolutionConfigurationPlatforms) = preSolution
		Debug|Any CPU = Debug|Any CPU
		Release|Any CPU = Release|Any CPU
	EndGlobalSection
	GlobalSection(ProjectConfigurationPlatforms) = postSolution
		{3B53936F-222B-49C7-A7A5-85B3240706AA}.Debug|Any CPU.ActiveCfg = Debug|Any CPU
		{3B53936F-222B-49C7-A7A5-85B3240706AA}.Debug|Any CPU.Build.0 = Debug|Any CPU
		{3B53936F-222B-49C7-A7A5-85B3240706AA}.Release|Any CPU.ActiveCfg = Release|Any CPU
		{3B53936F-222B-49C7-A7A5-85B3240706AA}.Release|Any CPU.Build.0 = Release|Any CPU
		{447BB7B0-9D0D-4266-908F-155E0794E518}.Debug|Any CPU.ActiveCfg = Debug|Any CPU
		{447BB7B0-9D0D-4266-908F-155E0794E518}.Debug|Any CPU.Build.0 = Debug|Any CPU
		{447BB7B0-9D0D-4266-908F-155E0794E518}.Release|Any CPU.ActiveCfg = Release|Any CPU
		{447BB7B0-9D0D-4266-908F-155E0794E518}.Release|Any CPU.Build.0 = Release|Any CPU
		{EA76BE8D-9927-460D-A0D7-CBFDE353F1B6}.Debug|Any CPU.ActiveCfg = Debug|Any CPU
		{EA76BE8D-9927-460D-A0D7-CBFDE353F1B6}.Debug|Any CPU.Build.0 = Debug|Any CPU
		{EA76BE8D-9927-460D-A0D7-CBFDE353F1B6}.Release|Any CPU.ActiveCfg = Release|Any CPU
		{EA76BE8D-9927-460D-A0D7-CBFDE353F1B6}.Release|Any CPU.Build.0 = Release|Any CPU
		{77E645EB-7599-4DD7-864B-A1E0D403EACC}.Debug|Any CPU.ActiveCfg = Debug|Any CPU
		{77E645EB-7599-4DD7-864B-A1E0D403EACC}.Debug|Any CPU.Build.0 = Debug|Any CPU
		{77E645EB-7599-4DD7-864B-A1E0D403EACC}.Release|Any CPU.ActiveCfg = Release|Any CPU
		{77E645EB-7599-4DD7-864B-A1E0D403EACC}.Release|Any CPU.Build.0 = Release|Any CPU
		{8B14DEB5-6A9A-4698-9198-A773E82A2A9D}.Debug|Any CPU.ActiveCfg = Debug|Any CPU
		{8B14DEB5-6A9A-4698-9198-A773E82A2A9D}.Debug|Any CPU.Build.0 = Debug|Any CPU
		{8B14DEB5-6A9A-4698-9198-A773E82A2A9D}.Release|Any CPU.ActiveCfg = Release|Any CPU
		{8B14DEB5-6A9A-4698-9198-A773E82A2A9D}.Release|Any CPU.Build.0 = Release|Any CPU
	EndGlobalSection
	GlobalSection(SolutionProperties) = preSolution
		HideSolutionNode = FALSE
	EndGlobalSection
	GlobalSection(ExtensibilityGlobals) = postSolution
		SolutionGuid = {60245AE7-34BE-4272-92AE-D3D54BE8983A}
	EndGlobalSection
EndGlobal
